{
  "name": "paytm",
  "lockfileVersion": 3,
  "requires": true,
  "packages": {
    "": {
      "dependencies": {
        "jose": "^5.2.0",
        "loader": "^2.1.1"
      }
    },
    "node_modules/jose": {
      "version": "5.2.0",
      "resolved": "https://registry.npmjs.org/jose/-/jose-5.2.0.tgz",
      "integrity": "sha512-oW3PCnvyrcm1HMvGTzqjxxfnEs9EoFOFWi2HsEGhlFVOXxTE3K9GKWVMFoFw06yPUqwpvEWic1BmtUZBI/tIjw==",
      "funding": {
        "url": "https://github.com/sponsors/panva"
      }
    },
    "node_modules/loader": {
      "version": "2.1.1",
      "resolved": "https://registry.npmjs.org/loader/-/loader-2.1.1.tgz",
      "integrity": "sha512-Z6nHbyKiECMexVUmpIAVXp+f+8okRtfiMAQ9j0eTtImCghxSqQwrbeSiAyCYKBnfvRlgXLdQt0tPuaZmcBQzpw=="
    }
  }
}
